
Microsoft Visual Studio Solution File, Format Version 12.00
# Visual Studio 2012
Project("{FAE04EC0-301F-11D3-BF4B-00C04F79EFBC}") = "KRPC", "server\src\KRPC.csproj", "{3707639F-5EA3-461B-B939-587E51A25CCA}"
EndProject
Project("{FAE04EC0-301F-11D3-BF4B-00C04F79EFBC}") = "KRPC.Test", "server\test\KRPC.Test.csproj", "{960F5B49-BB1D-476B-8B60-99BEBAA83CB2}"
EndProject
Project("{FAE04EC0-301F-11D3-BF4B-00C04F79EFBC}") = "KRPC.SpaceCenter", "service\SpaceCenter\src\KRPC.SpaceCenter.csproj", "{48205F2E-3CEE-4480-873A-DEAFCD291407}"
EndProject
Project("{FAE04EC0-301F-11D3-BF4B-00C04F79EFBC}") = "KRPC.InfernalRobotics", "service\InfernalRobotics\src\KRPC.InfernalRobotics.csproj", "{AA218C22-7832-4E2F-9F32-870DC2D5B4B3}"
EndProject
Project("{FAE04EC0-301F-11D3-BF4B-00C04F79EFBC}") = "KRPC.KerbalAlarmClock", "service\KerbalAlarmClock\src\KRPC.KerbalAlarmClock.csproj", "{BC3C589C-91A8-472F-B312-3E5512F77CA1}"
EndProject
Project("{FAE04EC0-301F-11D3-BF4B-00C04F79EFBC}") = "KRPC.RemoteTech", "service\RemoteTech\src\KRPC.RemoteTech.csproj", "{9A462E66-1D3C-4F35-97CC-9510FCC1165D}"
EndProject
Project("{FAE04EC0-301F-11D3-BF4B-00C04F79EFBC}") = "ServiceDefinitions", "tools\ServiceDefinitions\src\ServiceDefinitions.csproj", "{3F97909B-0ABE-49F2-8CA0-100F4286E03F}"
EndProject
Project("{FAE04EC0-301F-11D3-BF4B-00C04F79EFBC}") = "TestServer", "tools\TestServer\src\TestServer.csproj", "{A75677CB-9D81-4C3F-8B53-C99110B4F124}"
EndProject
Project("{FAE04EC0-301F-11D3-BF4B-00C04F79EFBC}") = "TestingTools", "tools\TestingTools\src\TestingTools.csproj", "{D0F002FB-E12F-4EE3-9A95-AC3AC08086A9}"
EndProject
Project("{FAE04EC0-301F-11D3-BF4B-00C04F79EFBC}") = "KRPC.Client", "client\csharp\src\KRPC.Client.csproj", "{5D390973-8F07-4B28-827F-FB3A1E739FD7}"
EndProject
Project("{FAE04EC0-301F-11D3-BF4B-00C04F79EFBC}") = "KRPC.Client.Test", "client\csharp\test\KRPC.Client.Test.csproj", "{2E186057-56B2-499B-BFE8-C414FF24E55F}"
EndProject
Project("{FAE04EC0-301F-11D3-BF4B-00C04F79EFBC}") = "KRPC.Drawing", "service\Drawing\src\KRPC.Drawing.csproj", "{6373C212-899C-402C-8C2E-187C96318B81}"
EndProject
Project("{FAE04EC0-301F-11D3-BF4B-00C04F79EFBC}") = "KRPC.UI", "service\UI\src\KRPC.UI.csproj", "{AB9F4881-4C8E-4E54-8412-B3FB92861CE9}"
EndProject
Global
	GlobalSection(SolutionConfigurationPlatforms) = preSolution
		Debug|Any CPU = Debug|Any CPU
		Release|Any CPU = Release|Any CPU
	EndGlobalSection
	GlobalSection(ProjectConfigurationPlatforms) = postSolution
		{2E186057-56B2-499B-BFE8-C414FF24E55F}.Debug|Any CPU.ActiveCfg = Debug|Any CPU
		{2E186057-56B2-499B-BFE8-C414FF24E55F}.Debug|Any CPU.Build.0 = Debug|Any CPU
		{2E186057-56B2-499B-BFE8-C414FF24E55F}.Release|Any CPU.ActiveCfg = Release|Any CPU
		{2E186057-56B2-499B-BFE8-C414FF24E55F}.Release|Any CPU.Build.0 = Release|Any CPU
		{3707639F-5EA3-461B-B939-587E51A25CCA}.Debug|Any CPU.ActiveCfg = Debug|Any CPU
		{3707639F-5EA3-461B-B939-587E51A25CCA}.Debug|Any CPU.Build.0 = Debug|Any CPU
		{3707639F-5EA3-461B-B939-587E51A25CCA}.Release|Any CPU.ActiveCfg = Release|Any CPU
		{3707639F-5EA3-461B-B939-587E51A25CCA}.Release|Any CPU.Build.0 = Release|Any CPU
		{3F97909B-0ABE-49F2-8CA0-100F4286E03F}.Debug|Any CPU.ActiveCfg = Debug|Any CPU
		{3F97909B-0ABE-49F2-8CA0-100F4286E03F}.Debug|Any CPU.Build.0 = Debug|Any CPU
		{3F97909B-0ABE-49F2-8CA0-100F4286E03F}.Release|Any CPU.ActiveCfg = Release|Any CPU
		{3F97909B-0ABE-49F2-8CA0-100F4286E03F}.Release|Any CPU.Build.0 = Release|Any CPU
		{48205F2E-3CEE-4480-873A-DEAFCD291407}.Debug|Any CPU.ActiveCfg = Debug|Any CPU
		{48205F2E-3CEE-4480-873A-DEAFCD291407}.Debug|Any CPU.Build.0 = Debug|Any CPU
		{48205F2E-3CEE-4480-873A-DEAFCD291407}.Release|Any CPU.ActiveCfg = Release|Any CPU
		{48205F2E-3CEE-4480-873A-DEAFCD291407}.Release|Any CPU.Build.0 = Release|Any CPU
		{5D390973-8F07-4B28-827F-FB3A1E739FD7}.Debug|Any CPU.ActiveCfg = Debug|Any CPU
		{5D390973-8F07-4B28-827F-FB3A1E739FD7}.Debug|Any CPU.Build.0 = Debug|Any CPU
		{5D390973-8F07-4B28-827F-FB3A1E739FD7}.Release|Any CPU.ActiveCfg = Release|Any CPU
		{5D390973-8F07-4B28-827F-FB3A1E739FD7}.Release|Any CPU.Build.0 = Release|Any CPU
		{6373C212-899C-402C-8C2E-187C96318B81}.Debug|Any CPU.ActiveCfg = Debug|Any CPU
		{6373C212-899C-402C-8C2E-187C96318B81}.Debug|Any CPU.Build.0 = Debug|Any CPU
		{6373C212-899C-402C-8C2E-187C96318B81}.Release|Any CPU.ActiveCfg = Release|Any CPU
		{6373C212-899C-402C-8C2E-187C96318B81}.Release|Any CPU.Build.0 = Release|Any CPU
		{960F5B49-BB1D-476B-8B60-99BEBAA83CB2}.Debug|Any CPU.ActiveCfg = Debug|Any CPU
		{960F5B49-BB1D-476B-8B60-99BEBAA83CB2}.Debug|Any CPU.Build.0 = Debug|Any CPU
		{960F5B49-BB1D-476B-8B60-99BEBAA83CB2}.Release|Any CPU.ActiveCfg = Release|Any CPU
		{960F5B49-BB1D-476B-8B60-99BEBAA83CB2}.Release|Any CPU.Build.0 = Release|Any CPU
		{9A462E66-1D3C-4F35-97CC-9510FCC1165D}.Debug|Any CPU.ActiveCfg = Debug|Any CPU
		{9A462E66-1D3C-4F35-97CC-9510FCC1165D}.Debug|Any CPU.Build.0 = Debug|Any CPU
		{9A462E66-1D3C-4F35-97CC-9510FCC1165D}.Release|Any CPU.ActiveCfg = Release|Any CPU
		{9A462E66-1D3C-4F35-97CC-9510FCC1165D}.Release|Any CPU.Build.0 = Release|Any CPU
		{A75677CB-9D81-4C3F-8B53-C99110B4F124}.Debug|Any CPU.ActiveCfg = Debug|Any CPU
		{A75677CB-9D81-4C3F-8B53-C99110B4F124}.Debug|Any CPU.Build.0 = Debug|Any CPU
		{A75677CB-9D81-4C3F-8B53-C99110B4F124}.Release|Any CPU.ActiveCfg = Release|Any CPU
		{A75677CB-9D81-4C3F-8B53-C99110B4F124}.Release|Any CPU.Build.0 = Release|Any CPU
		{AA218C22-7832-4E2F-9F32-870DC2D5B4B3}.Debug|Any CPU.ActiveCfg = Debug|Any CPU
		{AA218C22-7832-4E2F-9F32-870DC2D5B4B3}.Debug|Any CPU.Build.0 = Debug|Any CPU
		{AA218C22-7832-4E2F-9F32-870DC2D5B4B3}.Release|Any CPU.ActiveCfg = Release|Any CPU
		{AA218C22-7832-4E2F-9F32-870DC2D5B4B3}.Release|Any CPU.Build.0 = Release|Any CPU
		{AB9F4881-4C8E-4E54-8412-B3FB92861CE9}.Debug|Any CPU.ActiveCfg = Debug|Any CPU
		{AB9F4881-4C8E-4E54-8412-B3FB92861CE9}.Debug|Any CPU.Build.0 = Debug|Any CPU
		{AB9F4881-4C8E-4E54-8412-B3FB92861CE9}.Release|Any CPU.ActiveCfg = Release|Any CPU
		{AB9F4881-4C8E-4E54-8412-B3FB92861CE9}.Release|Any CPU.Build.0 = Release|Any CPU
		{BC3C589C-91A8-472F-B312-3E5512F77CA1}.Debug|Any CPU.ActiveCfg = Debug|Any CPU
		{BC3C589C-91A8-472F-B312-3E5512F77CA1}.Debug|Any CPU.Build.0 = Debug|Any CPU
		{BC3C589C-91A8-472F-B312-3E5512F77CA1}.Release|Any CPU.ActiveCfg = Release|Any CPU
		{BC3C589C-91A8-472F-B312-3E5512F77CA1}.Release|Any CPU.Build.0 = Release|Any CPU
		{D0F002FB-E12F-4EE3-9A95-AC3AC08086A9}.Debug|Any CPU.ActiveCfg = Debug|Any CPU
		{D0F002FB-E12F-4EE3-9A95-AC3AC08086A9}.Debug|Any CPU.Build.0 = Debug|Any CPU
		{D0F002FB-E12F-4EE3-9A95-AC3AC08086A9}.Release|Any CPU.ActiveCfg = Release|Any CPU
		{D0F002FB-E12F-4EE3-9A95-AC3AC08086A9}.Release|Any CPU.Build.0 = Release|Any CPU
	EndGlobalSection
EndGlobal
