Microsoft Visual Studio Solution File, Format Version 12.00
# Visual Studio Version 16
VisualStudioVersion = 16.0.30907.101
MinimumVisualStudioVersion = 10.0.40219.1
Project("{FAE04EC0-301F-11D3-BF4B-00C04F79EFBC}") = "KRPC", "server\src\KRPC.csproj", "{3707639F-5EA3-461B-B939-587E51A25CCA}"
EndProject
Project("{FAE04EC0-301F-11D3-BF4B-00C04F79EFBC}") = "KRPC.SpaceCenter", "service\SpaceCenter\src\KRPC.SpaceCenter.csproj", "{48205F2E-3CEE-4480-873A-DEAFCD291407}"
EndProject
Global
	GlobalSection(SolutionConfigurationPlatforms) = preSolution
		Debug|Any CPU = Debug|Any CPU
		Release|Any CPU = Release|Any CPU
	EndGlobalSection
	GlobalSection(ProjectConfigurationPlatforms) = postSolution
		{3707639F-5EA3-461B-B939-587E51A25CCA}.Debug|Any CPU.ActiveCfg = Debug|Any CPU
		{3707639F-5EA3-461B-B939-587E51A25CCA}.Debug|Any CPU.Build.0 = Debug|Any CPU
		{3707639F-5EA3-461B-B939-587E51A25CCA}.Release|Any CPU.ActiveCfg = Release|Any CPU
		{3707639F-5EA3-461B-B939-587E51A25CCA}.Release|Any CPU.Build.0 = Release|Any CPU
		{48205F2E-3CEE-4480-873A-DEAFCD291407}.Debug|Any CPU.ActiveCfg = Debug|Any CPU
		{48205F2E-3CEE-4480-873A-DEAFCD291407}.Debug|Any CPU.Build.0 = Debug|Any CPU
		{48205F2E-3CEE-4480-873A-DEAFCD291407}.Release|Any CPU.ActiveCfg = Release|Any CPU
		{48205F2E-3CEE-4480-873A-DEAFCD291407}.Release|Any CPU.Build.0 = Release|Any CPU
	EndGlobalSection
	GlobalSection(SolutionProperties) = preSolution
		HideSolutionNode = FALSE
	EndGlobalSection
	GlobalSection(ExtensibilityGlobals) = postSolution
		SolutionGuid = {ED7B822F-DE69-4C39-BD97-4354777D229F}
	EndGlobalSection
EndGlobal
